
Microsoft Visual Studio Solution File, Format Version 12.00
# Visual Studio Version 17
VisualStudioVersion = 17.0.31903.59
MinimumVisualStudioVersion = 10.0.40219.1
Project("{2150E333-8FDC-42A3-9474-1A3956D46DE8}") = "core", "core", "{FBF56CC3-7AE6-AD2D-3F14-7F97FD322CD6}"
EndProject
Project("{2150E333-8FDC-42A3-9474-1A3956D46DE8}") = "Models", "Models", "{7AF4F767-B51A-5C31-312F-E409428BB5DC}"
EndProject
Project("{FAE04EC0-301F-11D3-BF4B-00C04F79EFBC}") = "Prism.Core.Contracts", "core\Models\Prism.Core.Contracts.csproj", "{AC4A4016-21C8-42C7-90F3-C2BCC5EC3605}"
EndProject
Project("{2150E333-8FDC-42A3-9474-1A3956D46DE8}") = "Images", "Images", "{C6B2465A-D556-4BD9-20DA-2A315B84FC12}"
EndProject
Project("{2150E333-8FDC-42A3-9474-1A3956D46DE8}") = "Transform", "Transform", "{02D68C88-3C81-3BAA-3829-98E40FB45818}"
EndProject
Project("{FAE04EC0-301F-11D3-BF4B-00C04F79EFBC}") = "Prism.Core.Images.Transform", "core\Images\Transform\Prism.Core.Images.Transform.csproj", "{D41E248A-0916-436D-A731-120D65F081EA}"
EndProject
Project("{2150E333-8FDC-42A3-9474-1A3956D46DE8}") = "Classify", "Classify", "{A39613AD-C71F-75A0-A575-2F20A5261847}"
EndProject
Project("{FAE04EC0-301F-11D3-BF4B-00C04F79EFBC}") = "Prism.Core.Images.Classify", "core\Images\Classify\Prism.Core.Images.Classify.csproj", "{0BBC79A6-ABDA-4E45-BBF8-1A225EC2623B}"
EndProject
Project("{FAE04EC0-301F-11D3-BF4B-00C04F79EFBC}") = "Prism.Core", "core\Prism.Core.csproj", "{E8D53701-5209-4434-8A38-D595C43D7389}"
EndProject
Project("{2150E333-8FDC-42A3-9474-1A3956D46DE8}") = "workbench", "workbench", "{3D3C3C24-5E73-4E52-8DFE-DBEE7D7EAF30}"
EndProject
Project("{2150E333-8FDC-42A3-9474-1A3956D46DE8}") = "wpf", "wpf", "{4EE97BC9-F7B6-4C42-8B11-1C9135728F14}"
EndProject
Project("{FAE04EC0-301F-11D3-BF4B-00C04F79EFBC}") = "Prism.Workbench.Wpf", "workbench\wpf\Prism.Workbench.Wpf.csproj", "{937A6EC4-F435-4557-8D74-829584C286D2}"
EndProject
Project("{2150E333-8FDC-42A3-9474-1A3956D46DE8}") = "api", "api", "{D82C56D6-B2CD-F611-9E31-04638F7EC30E}"
EndProject
Project("{FAE04EC0-301F-11D3-BF4B-00C04F79EFBC}") = "Prism.Api", "api\Prism.Api.csproj", "{518A1D1F-C26B-4AE6-BB11-ED611CFC6AF5}"
EndProject
Project("{2150E333-8FDC-42A3-9474-1A3956D46DE8}") = "tests", "tests", "{E5F5F7D8-9B8C-4D1F-8E4C-5A8B7C2D9E6F}"
EndProject
Project("{FAE04EC0-301F-11D3-BF4B-00C04F79EFBC}") = "Prism.Core.Tests", "tests\Prism.Core.Tests\Prism.Core.Tests.csproj", "{F1E2D3C4-B5A6-4D7C-8E9F-0A1B2C3D4E5F}"
EndProject
Global
	GlobalSection(SolutionConfigurationPlatforms) = preSolution
		Debug|Any CPU = Debug|Any CPU
		Debug|x64 = Debug|x64
		Debug|x86 = Debug|x86
		Release|Any CPU = Release|Any CPU
		Release|x64 = Release|x64
		Release|x86 = Release|x86
	EndGlobalSection
	GlobalSection(ProjectConfigurationPlatforms) = postSolution
		{AC4A4016-21C8-42C7-90F3-C2BCC5EC3605}.Debug|Any CPU.ActiveCfg = Debug|Any CPU
		{AC4A4016-21C8-42C7-90F3-C2BCC5EC3605}.Debug|Any CPU.Build.0 = Debug|Any CPU
		{AC4A4016-21C8-42C7-90F3-C2BCC5EC3605}.Debug|x64.ActiveCfg = Debug|Any CPU
		{AC4A4016-21C8-42C7-90F3-C2BCC5EC3605}.Debug|x64.Build.0 = Debug|Any CPU
		{AC4A4016-21C8-42C7-90F3-C2BCC5EC3605}.Debug|x86.ActiveCfg = Debug|Any CPU
		{AC4A4016-21C8-42C7-90F3-C2BCC5EC3605}.Debug|x86.Build.0 = Debug|Any CPU
		{AC4A4016-21C8-42C7-90F3-C2BCC5EC3605}.Release|Any CPU.ActiveCfg = Release|Any CPU
		{AC4A4016-21C8-42C7-90F3-C2BCC5EC3605}.Release|Any CPU.Build.0 = Release|Any CPU
		{AC4A4016-21C8-42C7-90F3-C2BCC5EC3605}.Release|x64.ActiveCfg = Release|Any CPU
		{AC4A4016-21C8-42C7-90F3-C2BCC5EC3605}.Release|x64.Build.0 = Release|Any CPU
		{AC4A4016-21C8-42C7-90F3-C2BCC5EC3605}.Release|x86.ActiveCfg = Release|Any CPU
		{AC4A4016-21C8-42C7-90F3-C2BCC5EC3605}.Release|x86.Build.0 = Release|Any CPU
		{D41E248A-0916-436D-A731-120D65F081EA}.Debug|Any CPU.ActiveCfg = Debug|Any CPU
		{D41E248A-0916-436D-A731-120D65F081EA}.Debug|Any CPU.Build.0 = Debug|Any CPU
		{D41E248A-0916-436D-A731-120D65F081EA}.Debug|x64.ActiveCfg = Debug|Any CPU
		{D41E248A-0916-436D-A731-120D65F081EA}.Debug|x64.Build.0 = Debug|Any CPU
		{D41E248A-0916-436D-A731-120D65F081EA}.Debug|x86.ActiveCfg = Debug|Any CPU
		{D41E248A-0916-436D-A731-120D65F081EA}.Debug|x86.Build.0 = Debug|Any CPU
		{D41E248A-0916-436D-A731-120D65F081EA}.Release|Any CPU.ActiveCfg = Release|Any CPU
		{D41E248A-0916-436D-A731-120D65F081EA}.Release|Any CPU.Build.0 = Release|Any CPU
		{D41E248A-0916-436D-A731-120D65F081EA}.Release|x64.ActiveCfg = Release|Any CPU
		{D41E248A-0916-436D-A731-120D65F081EA}.Release|x64.Build.0 = Release|Any CPU
		{D41E248A-0916-436D-A731-120D65F081EA}.Release|x86.ActiveCfg = Release|Any CPU
		{D41E248A-0916-436D-A731-120D65F081EA}.Release|x86.Build.0 = Release|Any CPU
		{0BBC79A6-ABDA-4E45-BBF8-1A225EC2623B}.Debug|Any CPU.ActiveCfg = Debug|Any CPU
		{0BBC79A6-ABDA-4E45-BBF8-1A225EC2623B}.Debug|Any CPU.Build.0 = Debug|Any CPU
		{0BBC79A6-ABDA-4E45-BBF8-1A225EC2623B}.Debug|x64.ActiveCfg = Debug|Any CPU
		{0BBC79A6-ABDA-4E45-BBF8-1A225EC2623B}.Debug|x64.Build.0 = Debug|Any CPU
		{0BBC79A6-ABDA-4E45-BBF8-1A225EC2623B}.Debug|x86.ActiveCfg = Debug|Any CPU
		{0BBC79A6-ABDA-4E45-BBF8-1A225EC2623B}.Debug|x86.Build.0 = Debug|Any CPU
		{0BBC79A6-ABDA-4E45-BBF8-1A225EC2623B}.Release|Any CPU.ActiveCfg = Release|Any CPU
		{0BBC79A6-ABDA-4E45-BBF8-1A225EC2623B}.Release|Any CPU.Build.0 = Release|Any CPU
		{0BBC79A6-ABDA-4E45-BBF8-1A225EC2623B}.Release|x64.ActiveCfg = Release|Any CPU
		{0BBC79A6-ABDA-4E45-BBF8-1A225EC2623B}.Release|x64.Build.0 = Release|Any CPU
		{0BBC79A6-ABDA-4E45-BBF8-1A225EC2623B}.Release|x86.ActiveCfg = Release|Any CPU
		{0BBC79A6-ABDA-4E45-BBF8-1A225EC2623B}.Release|x86.Build.0 = Release|Any CPU
		{E8D53701-5209-4434-8A38-D595C43D7389}.Debug|Any CPU.ActiveCfg = Debug|Any CPU
		{E8D53701-5209-4434-8A38-D595C43D7389}.Debug|Any CPU.Build.0 = Debug|Any CPU
		{E8D53701-5209-4434-8A38-D595C43D7389}.Debug|x64.ActiveCfg = Debug|Any CPU
		{E8D53701-5209-4434-8A38-D595C43D7389}.Debug|x64.Build.0 = Debug|Any CPU
		{E8D53701-5209-4434-8A38-D595C43D7389}.Debug|x86.ActiveCfg = Debug|Any CPU
		{E8D53701-5209-4434-8A38-D595C43D7389}.Debug|x86.Build.0 = Debug|Any CPU
		{E8D53701-5209-4434-8A38-D595C43D7389}.Release|Any CPU.ActiveCfg = Release|Any CPU
		{E8D53701-5209-4434-8A38-D595C43D7389}.Release|Any CPU.Build.0 = Release|Any CPU
		{E8D53701-5209-4434-8A38-D595C43D7389}.Release|x64.ActiveCfg = Release|Any CPU
		{E8D53701-5209-4434-8A38-D595C43D7389}.Release|x64.Build.0 = Release|Any CPU
		{E8D53701-5209-4434-8A38-D595C43D7389}.Release|x86.ActiveCfg = Release|Any CPU
		{E8D53701-5209-4434-8A38-D595C43D7389}.Release|x86.Build.0 = Release|Any CPU
		{937A6EC4-F435-4557-8D74-829584C286D2}.Debug|Any CPU.ActiveCfg = Debug|Any CPU
		{937A6EC4-F435-4557-8D74-829584C286D2}.Debug|Any CPU.Build.0 = Debug|Any CPU
		{937A6EC4-F435-4557-8D74-829584C286D2}.Debug|x64.ActiveCfg = Debug|Any CPU
		{937A6EC4-F435-4557-8D74-829584C286D2}.Debug|x64.Build.0 = Debug|Any CPU
		{937A6EC4-F435-4557-8D74-829584C286D2}.Debug|x86.ActiveCfg = Debug|Any CPU
		{937A6EC4-F435-4557-8D74-829584C286D2}.Debug|x86.Build.0 = Debug|Any CPU
		{937A6EC4-F435-4557-8D74-829584C286D2}.Release|Any CPU.ActiveCfg = Release|Any CPU
		{937A6EC4-F435-4557-8D74-829584C286D2}.Release|Any CPU.Build.0 = Release|Any CPU
		{937A6EC4-F435-4557-8D74-829584C286D2}.Release|x64.ActiveCfg = Release|Any CPU
		{937A6EC4-F435-4557-8D74-829584C286D2}.Release|x64.Build.0 = Release|Any CPU
		{937A6EC4-F435-4557-8D74-829584C286D2}.Release|x86.ActiveCfg = Release|Any CPU
		{937A6EC4-F435-4557-8D74-829584C286D2}.Release|x86.Build.0 = Release|Any CPU
		{518A1D1F-C26B-4AE6-BB11-ED611CFC6AF5}.Debug|Any CPU.ActiveCfg = Debug|Any CPU
		{518A1D1F-C26B-4AE6-BB11-ED611CFC6AF5}.Debug|Any CPU.Build.0 = Debug|Any CPU
		{518A1D1F-C26B-4AE6-BB11-ED611CFC6AF5}.Debug|x64.ActiveCfg = Debug|Any CPU
		{518A1D1F-C26B-4AE6-BB11-ED611CFC6AF5}.Debug|x64.Build.0 = Debug|Any CPU
		{518A1D1F-C26B-4AE6-BB11-ED611CFC6AF5}.Debug|x86.ActiveCfg = Debug|Any CPU
		{518A1D1F-C26B-4AE6-BB11-ED611CFC6AF5}.Debug|x86.Build.0 = Debug|Any CPU
		{518A1D1F-C26B-4AE6-BB11-ED611CFC6AF5}.Release|Any CPU.ActiveCfg = Release|Any CPU
		{518A1D1F-C26B-4AE6-BB11-ED611CFC6AF5}.Release|Any CPU.Build.0 = Release|Any CPU
		{518A1D1F-C26B-4AE6-BB11-ED611CFC6AF5}.Release|x64.ActiveCfg = Release|Any CPU
		{518A1D1F-C26B-4AE6-BB11-ED611CFC6AF5}.Release|x64.Build.0 = Release|Any CPU
		{518A1D1F-C26B-4AE6-BB11-ED611CFC6AF5}.Release|x86.ActiveCfg = Release|Any CPU
		{518A1D1F-C26B-4AE6-BB11-ED611CFC6AF5}.Release|x86.Build.0 = Release|Any CPU
		{F1E2D3C4-B5A6-4D7C-8E9F-0A1B2C3D4E5F}.Debug|Any CPU.ActiveCfg = Debug|Any CPU
		{F1E2D3C4-B5A6-4D7C-8E9F-0A1B2C3D4E5F}.Debug|Any CPU.Build.0 = Debug|Any CPU
		{F1E2D3C4-B5A6-4D7C-8E9F-0A1B2C3D4E5F}.Debug|x64.ActiveCfg = Debug|Any CPU
		{F1E2D3C4-B5A6-4D7C-8E9F-0A1B2C3D4E5F}.Debug|x64.Build.0 = Debug|Any CPU
		{F1E2D3C4-B5A6-4D7C-8E9F-0A1B2C3D4E5F}.Debug|x86.ActiveCfg = Debug|Any CPU
		{F1E2D3C4-B5A6-4D7C-8E9F-0A1B2C3D4E5F}.Debug|x86.Build.0 = Debug|Any CPU
		{F1E2D3C4-B5A6-4D7C-8E9F-0A1B2C3D4E5F}.Release|Any CPU.ActiveCfg = Release|Any CPU
		{F1E2D3C4-B5A6-4D7C-8E9F-0A1B2C3D4E5F}.Release|Any CPU.Build.0 = Release|Any CPU
		{F1E2D3C4-B5A6-4D7C-8E9F-0A1B2C3D4E5F}.Release|x64.ActiveCfg = Release|Any CPU
		{F1E2D3C4-B5A6-4D7C-8E9F-0A1B2C3D4E5F}.Release|x64.Build.0 = Release|Any CPU
		{F1E2D3C4-B5A6-4D7C-8E9F-0A1B2C3D4E5F}.Release|x86.ActiveCfg = Release|Any CPU
		{F1E2D3C4-B5A6-4D7C-8E9F-0A1B2C3D4E5F}.Release|x86.Build.0 = Release|Any CPU
	EndGlobalSection
	GlobalSection(SolutionProperties) = preSolution
		HideSolutionNode = FALSE
	EndGlobalSection
	GlobalSection(NestedProjects) = preSolution
		{7AF4F767-B51A-5C31-312F-E409428BB5DC} = {FBF56CC3-7AE6-AD2D-3F14-7F97FD322CD6}
		{AC4A4016-21C8-42C7-90F3-C2BCC5EC3605} = {7AF4F767-B51A-5C31-312F-E409428BB5DC}
		{C6B2465A-D556-4BD9-20DA-2A315B84FC12} = {FBF56CC3-7AE6-AD2D-3F14-7F97FD322CD6}
		{02D68C88-3C81-3BAA-3829-98E40FB45818} = {C6B2465A-D556-4BD9-20DA-2A315B84FC12}
		{D41E248A-0916-436D-A731-120D65F081EA} = {02D68C88-3C81-3BAA-3829-98E40FB45818}
		{A39613AD-C71F-75A0-A575-2F20A5261847} = {C6B2465A-D556-4BD9-20DA-2A315B84FC12}
		{0BBC79A6-ABDA-4E45-BBF8-1A225EC2623B} = {A39613AD-C71F-75A0-A575-2F20A5261847}
		{E8D53701-5209-4434-8A38-D595C43D7389} = {FBF56CC3-7AE6-AD2D-3F14-7F97FD322CD6}
		{4EE97BC9-F7B6-4C42-8B11-1C9135728F14} = {3D3C3C24-5E73-4E52-8DFE-DBEE7D7EAF30}
		{937A6EC4-F435-4557-8D74-829584C286D2} = {4EE97BC9-F7B6-4C42-8B11-1C9135728F14}
		{518A1D1F-C26B-4AE6-BB11-ED611CFC6AF5} = {D82C56D6-B2CD-F611-9E31-04638F7EC30E}
		{F1E2D3C4-B5A6-4D7C-8E9F-0A1B2C3D4E5F} = {E5F5F7D8-9B8C-4D1F-8E4C-5A8B7C2D9E6F}
	EndGlobalSection
EndGlobal
